
Microsoft Visual Studio Solution File, Format Version 12.00
# Visual Studio 15
VisualStudioVersion = 15.0.28307.539
MinimumVisualStudioVersion = 10.0.40219.1
Project("{FAE04EC0-301F-11D3-BF4B-00C04F79EFBC}") = "TestFXCop", "TestFXCop.csproj", "{DA98AAEA-491D-47B6-A12B-D228CED9782E}"
EndProject
Global
	GlobalSection(SolutionConfigurationPlatforms) = preSolution
		Debug|Any CPU = Debug|Any CPU
		Release|Any CPU = Release|Any CPU
	EndGlobalSection
	GlobalSection(ProjectConfigurationPlatforms) = postSolution
		{DA98AAEA-491D-47B6-A12B-D228CED9782E}.Debug|Any CPU.ActiveCfg = Debug|Any CPU
		{DA98AAEA-491D-47B6-A12B-D228CED9782E}.Debug|Any CPU.Build.0 = Debug|Any CPU
		{DA98AAEA-491D-47B6-A12B-D228CED9782E}.Release|Any CPU.ActiveCfg = Release|Any CPU
		{DA98AAEA-491D-47B6-A12B-D228CED9782E}.Release|Any CPU.Build.0 = Release|Any CPU
	EndGlobalSection
	GlobalSection(SolutionProperties) = preSolution
		HideSolutionNode = FALSE
	EndGlobalSection
	GlobalSection(ExtensibilityGlobals) = postSolution
		SolutionGuid = {9E63A53E-C367-4206-902F-990427E3131A}
	EndGlobalSection
EndGlobal
